
Microsoft Visual Studio Solution File, Format Version 12.00
# Visual Studio Version 16
VisualStudioVersion = 16.0.30413.136
MinimumVisualStudioVersion = 10.0.40219.1
Project("{FAE04EC0-301F-11D3-BF4B-00C04F79EFBC}") = "MinuVorm_RolanMasleniikov", "MinuVorm_RolanMasleniikov.csproj", "{EE011CDA-3627-4645-BCFE-CAF672429226}"
EndProject
Global
	GlobalSection(SolutionConfigurationPlatforms) = preSolution
		Debug|Any CPU = Debug|Any CPU
		Release|Any CPU = Release|Any CPU
	EndGlobalSection
	GlobalSection(ProjectConfigurationPlatforms) = postSolution
		{EE011CDA-3627-4645-BCFE-CAF672429226}.Debug|Any CPU.ActiveCfg = Debug|Any CPU
		{EE011CDA-3627-4645-BCFE-CAF672429226}.Debug|Any CPU.Build.0 = Debug|Any CPU
		{EE011CDA-3627-4645-BCFE-CAF672429226}.Release|Any CPU.ActiveCfg = Release|Any CPU
		{EE011CDA-3627-4645-BCFE-CAF672429226}.Release|Any CPU.Build.0 = Release|Any CPU
	EndGlobalSection
	GlobalSection(SolutionProperties) = preSolution
		HideSolutionNode = FALSE
	EndGlobalSection
	GlobalSection(ExtensibilityGlobals) = postSolution
		SolutionGuid = {83B9B7BF-8916-495A-8DF3-6D37B2A9523C}
	EndGlobalSection
EndGlobal
